
Microsoft Visual Studio Solution File, Format Version 12.00
# Visual Studio Version 16
VisualStudioVersion = 16.0.29025.244
MinimumVisualStudioVersion = 10.0.40219.1
Project("{8BC9CEB8-8B4A-11D0-8D11-00A0C91BC942}") = "Sandbox", "Sandbox\Sandbox.vcxproj", "{32C93ACE-33A8-42A0-BD56-F8A896A818ED}"
EndProject
Project("{8BC9CEB8-8B4A-11D0-8D11-00A0C91BC942}") = "Hazel", "Hazel\Hazel.vcxproj", "{AFB0C221-1F0A-4C62-BEC1-D090C26E4499}"
EndProject
Global
	GlobalSection(SolutionConfigurationPlatforms) = preSolution
		Debug|x64 = Debug|x64
		Release|x64 = Release|x64
	EndGlobalSection
	GlobalSection(ProjectConfigurationPlatforms) = postSolution
		{32C93ACE-33A8-42A0-BD56-F8A896A818ED}.Debug|x64.ActiveCfg = Debug|x64
		{32C93ACE-33A8-42A0-BD56-F8A896A818ED}.Debug|x64.Build.0 = Debug|x64
		{32C93ACE-33A8-42A0-BD56-F8A896A818ED}.Release|x64.ActiveCfg = Release|x64
		{32C93ACE-33A8-42A0-BD56-F8A896A818ED}.Release|x64.Build.0 = Release|x64
		{AFB0C221-1F0A-4C62-BEC1-D090C26E4499}.Debug|x64.ActiveCfg = Debug|x64
		{AFB0C221-1F0A-4C62-BEC1-D090C26E4499}.Debug|x64.Build.0 = Debug|x64
		{AFB0C221-1F0A-4C62-BEC1-D090C26E4499}.Release|x64.ActiveCfg = Release|x64
		{AFB0C221-1F0A-4C62-BEC1-D090C26E4499}.Release|x64.Build.0 = Release|x64
	EndGlobalSection
	GlobalSection(SolutionProperties) = preSolution
		HideSolutionNode = FALSE
	EndGlobalSection
	GlobalSection(ExtensibilityGlobals) = postSolution
		SolutionGuid = {D178B23E-D043-4463-AEC0-DE92C9A17258}
	EndGlobalSection
EndGlobal
